// !$*UTF8*$!
{
	archiveVersion = 1;
	classes = {
	};
	objectVersion = 56;
	objects = {

/* Begin PBXBuildFile section */
		C7CD10D62AB3C354000CEF84 /* AppDelegate.swift in Sources */ = {isa = PBXBuildFile; fileRef = C7CD10D52AB3C354000CEF84 /* AppDelegate.swift */; };
		C7CD10D82AB3C354000CEF84 /* SceneDelegate.swift in Sources */ = {isa = PBXBuildFile; fileRef = C7CD10D72AB3C354000CEF84 /* SceneDelegate.swift */; };
		C7CD10DA2AB3C354000CEF84 /* ViewController.swift in Sources */ = {isa = PBXBuildFile; fileRef = C7CD10D92AB3C354000CEF84 /* ViewController.swift */; };
		C7CD10DD2AB3C354000CEF84 /* Main.storyboard in Resources */ = {isa = PBXBuildFile; fileRef = C7CD10DB2AB3C354000CEF84 /* Main.storyboard */; };
		C7CD10DF2AB3C356000CEF84 /* Assets.xcassets in Resources */ = {isa = PBXBuildFile; fileRef = C7CD10DE2AB3C356000CEF84 /* Assets.xcassets */; };
		C7CD10E22AB3C356000CEF84 /* LaunchScreen.storyboard in Resources */ = {isa = PBXBuildFile; fileRef = C7CD10E02AB3C356000CEF84 /* LaunchScreen.storyboard */; };
		C7CD10ED2AB3C356000CEF84 /* HackwichThreeTests.swift in Sources */ = {isa = PBXBuildFile; fileRef = C7CD10EC2AB3C356000CEF84 /* HackwichThreeTests.swift */; };
		C7CD10F72AB3C356000CEF84 /* HackwichThreeUITests.swift in Sources */ = {isa = PBXBuildFile; fileRef = C7CD10F62AB3C356000CEF84 /* HackwichThreeUITests.swift */; };
		C7CD10F92AB3C356000CEF84 /* HackwichThreeUITestsLaunchTests.swift in Sources */ = {isa = PBXBuildFile; fileRef = C7CD10F82AB3C356000CEF84 /* HackwichThreeUITestsLaunchTests.swift */; };
/* End PBXBuildFile section */

/* Begin PBXContainerItemProxy section */
		C7CD10E92AB3C356000CEF84 /* PBXContainerItemProxy */ = {
			isa = PBXContainerItemProxy;
			containerPortal = C7CD10CA2AB3C354000CEF84 /* Project object */;
			proxyType = 1;
			remoteGlobalIDString = C7CD10D12AB3C354000CEF84;
			remoteInfo = HackwichThree;
		};
		C7CD10F32AB3C356000CEF84 /* PBXContainerItemProxy */ = {
			isa = PBXContainerItemProxy;
			containerPortal = C7CD10CA2AB3C354000CEF84 /* Project object */;
			proxyType = 1;
			remoteGlobalIDString = C7CD10D12AB3C354000CEF84;
			remoteInfo = HackwichThree;
		};
/* End PBXContainerItemProxy section */

/* Begin PBXFileReference section */
		C7CD10D22AB3C354000CEF84 /* HackwichThree.app */ = {isa = PBXFileReference; explicitFileType = wrapper.application; includeInIndex = 0; path = HackwichThree.app; sourceTree = BUILT_PRODUCTS_DIR; };
		C7CD10D52AB3C354000CEF84 /* AppDelegate.swift */ = {isa = PBXFileReference; lastKnownFileType = sourcecode.swift; path = AppDelegate.swift; sourceTree = "<group>"; };
		C7CD10D72AB3C354000CEF84 /* SceneDelegate.swift */ = {isa = PBXFileReference; lastKnownFileType = sourcecode.swift; path = SceneDelegate.swift; sourceTree = "<group>"; };
		C7CD10D92AB3C354000CEF84 /* ViewController.swift */ = {isa = PBXFileReference; lastKnownFileType = sourcecode.swift; path = ViewController.swift; sourceTree = "<group>"; };
		C7CD10DC2AB3C354000CEF84 /* Base */ = {isa = PBXFileReference; lastKnownFileType = file.storyboard; name = Base; path = Base.lproj/Main.storyboard; sourceTree = "<group>"; };
		C7CD10DE2AB3C356000CEF84 /* Assets.xcassets */ = {isa = PBXFileReference; lastKnownFileType = folder.assetcatalog; path = Assets.xcassets; sourceTree = "<group>"; };
		C7CD10E12AB3C356000CEF84 /* Base */ = {isa = PBXFileReference; lastKnownFileType = file.storyboard; name = Base; path = Base.lproj/LaunchScreen.storyboard; sourceTree = "<group>"; };
		C7CD10E32AB3C356000CEF84 /* Info.plist */ = {isa = PBXFileReference; lastKnownFileType = text.plist.xml; path = Info.plist; sourceTree = "<group>"; };
		C7CD10E82AB3C356000CEF84 /* HackwichThreeTests.xctest */ = {isa = PBXFileReference; explicitFileType = wrapper.cfbundle; includeInIndex = 0; path = HackwichThreeTests.xctest; sourceTree = BUILT_PRODUCTS_DIR; };
		C7CD10EC2AB3C356000CEF84 /* HackwichThreeTests.swift */ = {isa = PBXFileReference; lastKnownFileType = sourcecode.swift; path = HackwichThreeTests.swift; sourceTree = "<group>"; };
		C7CD10F22AB3C356000CEF84 /* HackwichThreeUITests.xctest */ = {isa = PBXFileReference; explicitFileType = wrapper.cfbundle; includeInIndex = 0; path = HackwichThreeUITests.xctest; sourceTree = BUILT_PRODUCTS_DIR; };
		C7CD10F62AB3C356000CEF84 /* HackwichThreeUITests.swift */ = {isa = PBXFileReference; lastKnownFileType = sourcecode.swift; path = HackwichThreeUITests.swift; sourceTree = "<group>"; };
		C7CD10F82AB3C356000CEF84 /* HackwichThreeUITestsLaunchTests.swift */ = {isa = PBXFileReference; lastKnownFileType = sourcecode.swift; path = HackwichThreeUITestsLaunchTests.swift; sourceTree = "<group>"; };
/* End PBXFileReference section */

/* Begin PBXFrameworksBuildPhase section */
		C7CD10CF2AB3C354000CEF84 /* Frameworks */ = {
			isa = PBXFrameworksBuildPhase;
			buildActionMask = 2147483647;
			files = (
			);
			runOnlyForDeploymentPostprocessing = 0;
		};
		C7CD10E52AB3C356000CEF84 /* Frameworks */ = {
			isa = PBXFrameworksBuildPhase;
			buildActionMask = 2147483647;
			files = (
			);
			runOnlyForDeploymentPostprocessing = 0;
		};
		C7CD10EF2AB3C356000CEF84 /* Frameworks */ = {
			isa = PBXFrameworksBuildPhase;
			buildActionMask = 2147483647;
			files = (
			);
			runOnlyForDeploymentPostprocessing = 0;
		};
/* End PBXFrameworksBuildPhase section */

/* Begin PBXGroup section */
		C7CD10C92AB3C354000CEF84 = {
			isa = PBXGroup;
			children = (
				C7CD10D42AB3C354000CEF84 /* HackwichThree */,
				C7CD10EB2AB3C356000CEF84 /* HackwichThreeTests */,
				C7CD10F52AB3C356000CEF84 /* HackwichThreeUITests */,
				C7CD10D32AB3C354000CEF84 /* Products */,
			);
			sourceTree = "<group>";
		};
		C7CD10D32AB3C354000CEF84 /* Products */ = {
			isa = PBXGroup;
			children = (
				C7CD10D22AB3C354000CEF84 /* HackwichThree.app */,
				C7CD10E82AB3C356000CEF84 /* HackwichThreeTests.xctest */,
				C7CD10F22AB3C356000CEF84 /* HackwichThreeUITests.xctest */,
			);
			name = Products;
			sourceTree = "<group>";
		};
		C7CD10D42AB3C354000CEF84 /* HackwichThree */ = {
			isa = PBXGroup;
			children = (
				C7CD10D52AB3C354000CEF84 /* AppDelegate.swift */,
				C7CD10D72AB3C354000CEF84 /* SceneDelegate.swift */,
				C7CD10D92AB3C354000CEF84 /* ViewController.swift */,
				C7CD10DB2AB3C354000CEF84 /* Main.storyboard */,
				C7CD10DE2AB3C356000CEF84 /* Assets.xcassets */,
				C7CD10E02AB3C356000CEF84 /* LaunchScreen.storyboard */,
				C7CD10E32AB3C356000CEF84 /* Info.plist */,
			);
			path = HackwichThree;
			sourceTree = "<group>";
		};
		C7CD10EB2AB3C356000CEF84 /* HackwichThreeTests */ = {
			isa = PBXGroup;
			children = (
				C7CD10EC2AB3C356000CEF84 /* HackwichThreeTests.swift */,
			);
			path = HackwichThreeTests;
			sourceTree = "<group>";
		};
		C7CD10F52AB3C356000CEF84 /* HackwichThreeUITests */ = {
			isa = PBXGroup;
			children = (
				C7CD10F62AB3C356000CEF84 /* HackwichThreeUITests.swift */,
				C7CD10F82AB3C356000CEF84 /* HackwichThreeUITestsLaunchTests.swift */,
			);
			path = HackwichThreeUITests;
			sourceTree = "<group>";
		};
/* End PBXGroup section */

/* Begin PBXNativeTarget section */
		C7CD10D12AB3C354000CEF84 /* HackwichThree */ = {
			isa = PBXNativeTarget;
			buildConfigurationList = C7CD10FC2AB3C356000CEF84 /* Build configuration list for PBXNativeTarget "HackwichThree" */;
			buildPhases = (
				C7CD10CE2AB3C354000CEF84 /* Sources */,
				C7CD10CF2AB3C354000CEF84 /* Frameworks */,
				C7CD10D02AB3C354000CEF84 /* Resources */,
			);
			buildRules = (
			);
			dependencies = (
			);
			name = HackwichThree;
			productName = HackwichThree;
			productReference = C7CD10D22AB3C354000CEF84 /* HackwichThree.app */;
			productType = "com.apple.product-type.application";
		};
		C7CD10E72AB3C356000CEF84 /* HackwichThreeTests */ = {
			isa = PBXNativeTarget;
			buildConfigurationList = C7CD10FF2AB3C356000CEF84 /* Build configuration list for PBXNativeTarget "HackwichThreeTests" */;
			buildPhases = (
				C7CD10E42AB3C356000CEF84 /* Sources */,
				C7CD10E52AB3C356000CEF84 /* Frameworks */,
				C7CD10E62AB3C356000CEF84 /* Resources */,
			);
			buildRules = (
			);
			dependencies = (
				C7CD10EA2AB3C356000CEF84 /* PBXTargetDependency */,
			);
			name = HackwichThreeTests;
			productName = HackwichThreeTests;
			productReference = C7CD10E82AB3C356000CEF84 /* HackwichThreeTests.xctest */;
			productType = "com.apple.product-type.bundle.unit-test";
		};
		C7CD10F12AB3C356000CEF84 /* HackwichThreeUITests */ = {
			isa = PBXNativeTarget;
			buildConfigurationList = C7CD11022AB3C356000CEF84 /* Build configuration list for PBXNativeTarget "HackwichThreeUITests" */;
			buildPhases = (
				C7CD10EE2AB3C356000CEF84 /* Sources */,
				C7CD10EF2AB3C356000CEF84 /* Frameworks */,
				C7CD10F02AB3C356000CEF84 /* Resources */,
			);
			buildRules = (
			);
			dependencies = (
				C7CD10F42AB3C356000CEF84 /* PBXTargetDependency */,
			);
			name = HackwichThreeUITests;
			productName = HackwichThreeUITests;
			productReference = C7CD10F22AB3C356000CEF84 /* HackwichThreeUITests.xctest */;
			productType = "com.apple.product-type.bundle.ui-testing";
		};
/* End PBXNativeTarget section */

/* Begin PBXProject section */
		C7CD10CA2AB3C354000CEF84 /* Project object */ = {
			isa = PBXProject;
			attributes = {
				BuildIndependentTargetsInParallel = 1;
				LastSwiftUpdateCheck = 1430;
				LastUpgradeCheck = 1430;
				TargetAttributes = {
					C7CD10D12AB3C354000CEF84 = {
						CreatedOnToolsVersion = 14.3.1;
					};
					C7CD10E72AB3C356000CEF84 = {
						CreatedOnToolsVersion = 14.3.1;
						TestTargetID = C7CD10D12AB3C354000CEF84;
					};
					C7CD10F12AB3C356000CEF84 = {
						CreatedOnToolsVersion = 14.3.1;
						TestTargetID = C7CD10D12AB3C354000CEF84;
					};
				};
			};
			buildConfigurationList = C7CD10CD2AB3C354000CEF84 /* Build configuration list for PBXProject "HackwichThree" */;
			compatibilityVersion = "Xcode 14.0";
			developmentRegion = en;
			hasScannedForEncodings = 0;
			knownRegions = (
				en,
				Base,
			);
			mainGroup = C7CD10C92AB3C354000CEF84;
			productRefGroup = C7CD10D32AB3C354000CEF84 /* Products */;
			projectDirPath = "";
			projectRoot = "";
			targets = (
				C7CD10D12AB3C354000CEF84 /* HackwichThree */,
				C7CD10E72AB3C356000CEF84 /* HackwichThreeTests */,
				C7CD10F12AB3C356000CEF84 /* HackwichThreeUITests */,
			);
		};
/* End PBXProject section */

/* Begin PBXResourcesBuildPhase section */
		C7CD10D02AB3C354000CEF84 /* Resources */ = {
			isa = PBXResourcesBuildPhase;
			buildActionMask = 2147483647;
			files = (
				C7CD10E22AB3C356000CEF84 /* LaunchScreen.storyboard in Resources */,
				C7CD10DF2AB3C356000CEF84 /* Assets.xcassets in Resources */,
				C7CD10DD2AB3C354000CEF84 /* Main.storyboard in Resources */,
			);
			runOnlyForDeploymentPostprocessing = 0;
		};
		C7CD10E62AB3C356000CEF84 /* Resources */ = {
			isa = PBXResourcesBuildPhase;
			buildActionMask = 2147483647;
			files = (
			);
			runOnlyForDeploymentPostprocessing = 0;
		};
		C7CD10F02AB3C356000CEF84 /* Resources */ = {
			isa = PBXResourcesBuildPhase;
			buildActionMask = 2147483647;
			files = (
			);
			runOnlyForDeploymentPostprocessing = 0;
		};
/* End PBXResourcesBuildPhase section */

/* Begin PBXSourcesBuildPhase section */
		C7CD10CE2AB3C354000CEF84 /* Sources */ = {
			isa = PBXSourcesBuildPhase;
			buildActionMask = 2147483647;
			files = (
				C7CD10DA2AB3C354000CEF84 /* ViewController.swift in Sources */,
				C7CD10D62AB3C354000CEF84 /* AppDelegate.swift in Sources */,
				C7CD10D82AB3C354000CEF84 /* SceneDelegate.swift in Sources */,
			);
			runOnlyForDeploymentPostprocessing = 0;
		};
		C7CD10E42AB3C356000CEF84 /* Sources */ = {
			isa = PBXSourcesBuildPhase;
			buildActionMask = 2147483647;
			files = (
				C7CD10ED2AB3C356000CEF84 /* HackwichThreeTests.swift in Sources */,
			);
			runOnlyForDeploymentPostprocessing = 0;
		};
		C7CD10EE2AB3C356000CEF84 /* Sources */ = {
			isa = PBXSourcesBuildPhase;
			buildActionMask = 2147483647;
			files = (
				C7CD10F72AB3C356000CEF84 /* HackwichThreeUITests.swift in Sources */,
				C7CD10F92AB3C356000CEF84 /* HackwichThreeUITestsLaunchTests.swift in Sources */,
			);
			runOnlyForDeploymentPostprocessing = 0;
		};
/* End PBXSourcesBuildPhase section */

/* Begin PBXTargetDependency section */
		C7CD10EA2AB3C356000CEF84 /* PBXTargetDependency */ = {
			isa = PBXTargetDependency;
			target = C7CD10D12AB3C354000CEF84 /* HackwichThree */;
			targetProxy = C7CD10E92AB3C356000CEF84 /* PBXContainerItemProxy */;
		};
		C7CD10F42AB3C356000CEF84 /* PBXTargetDependency */ = {
			isa = PBXTargetDependency;
			target = C7CD10D12AB3C354000CEF84 /* HackwichThree */;
			targetProxy = C7CD10F32AB3C356000CEF84 /* PBXContainerItemProxy */;
		};
/* End PBXTargetDependency section */

/* Begin PBXVariantGroup section */
		C7CD10DB2AB3C354000CEF84 /* Main.storyboard */ = {
			isa = PBXVariantGroup;
			children = (
				C7CD10DC2AB3C354000CEF84 /* Base */,
			);
			name = Main.storyboard;
			sourceTree = "<group>";
		};
		C7CD10E02AB3C356000CEF84 /* LaunchScreen.storyboard */ = {
			isa = PBXVariantGroup;
			children = (
				C7CD10E12AB3C356000CEF84 /* Base */,
			);
			name = LaunchScreen.storyboard;
			sourceTree = "<group>";
		};
/* End PBXVariantGroup section */

/* Begin XCBuildConfiguration section */
		C7CD10FA2AB3C356000CEF84 /* Debug */ = {
			isa = XCBuildConfiguration;
			buildSettings = {
				ALWAYS_SEARCH_USER_PATHS = NO;
				CLANG_ANALYZER_NONNULL = YES;
				CLANG_ANALYZER_NUMBER_OBJECT_CONVERSION = YES_AGGRESSIVE;
				CLANG_CXX_LANGUAGE_STANDARD = "gnu++20";
				CLANG_ENABLE_MODULES = YES;
				CLANG_ENABLE_OBJC_ARC = YES;
				CLANG_ENABLE_OBJC_WEAK = YES;
				CLANG_WARN_BLOCK_CAPTURE_AUTORELEASING = YES;
				CLANG_WARN_BOOL_CONVERSION = YES;
				CLANG_WARN_COMMA = YES;
				CLANG_WARN_CONSTANT_CONVERSION = YES;
				CLANG_WARN_DEPRECATED_OBJC_IMPLEMENTATIONS = YES;
				CLANG_WARN_DIRECT_OBJC_ISA_USAGE = YES_ERROR;
				CLANG_WARN_DOCUMENTATION_COMMENTS = YES;
				CLANG_WARN_EMPTY_BODY = YES;
				CLANG_WARN_ENUM_CONVERSION = YES;
				CLANG_WARN_INFINITE_RECURSION = YES;
				CLANG_WARN_INT_CONVERSION = YES;
				CLANG_WARN_NON_LITERAL_NULL_CONVERSION = YES;
				CLANG_WARN_OBJC_IMPLICIT_RETAIN_SELF = YES;
				CLANG_WARN_OBJC_LITERAL_CONVERSION = YES;
				CLANG_WARN_OBJC_ROOT_CLASS = YES_ERROR;
				CLANG_WARN_QUOTED_INCLUDE_IN_FRAMEWORK_HEADER = YES;
				CLANG_WARN_RANGE_LOOP_ANALYSIS = YES;
				CLANG_WARN_STRICT_PROTOTYPES = YES;
				CLANG_WARN_SUSPICIOUS_MOVE = YES;
				CLANG_WARN_UNGUARDED_AVAILABILITY = YES_AGGRESSIVE;
				CLANG_WARN_UNREACHABLE_CODE = YES;
				CLANG_WARN__DUPLICATE_METHOD_MATCH = YES;
				COPY_PHASE_STRIP = NO;
				DEBUG_INFORMATION_FORMAT = dwarf;
				ENABLE_STRICT_OBJC_MSGSEND = YES;
				ENABLE_TESTABILITY = YES;
				GCC_C_LANGUAGE_STANDARD = gnu11;
				GCC_DYNAMIC_NO_PIC = NO;
				GCC_NO_COMMON_BLOCKS = YES;
				GCC_OPTIMIZATION_LEVEL = 0;
				GCC_PREPROCESSOR_DEFINITIONS = (
					"DEBUG=1",
					"$(inherited)",
				);
				GCC_WARN_64_TO_32_BIT_CONVERSION = YES;
				GCC_WARN_ABOUT_RETURN_TYPE = YES_ERROR;
				GCC_WARN_UNDECLARED_SELECTOR = YES;
				GCC_WARN_UNINITIALIZED_AUTOS = YES_AGGRESSIVE;
				GCC_WARN_UNUSED_FUNCTION = YES;
				GCC_WARN_UNUSED_VARIABLE = YES;
				IPHONEOS_DEPLOYMENT_TARGET = 16.4;
				MTL_ENABLE_DEBUG_INFO = INCLUDE_SOURCE;
				MTL_FAST_MATH = YES;
				ONLY_ACTIVE_ARCH = YES;
				SDKROOT = iphoneos;
				SWIFT_ACTIVE_COMPILATION_CONDITIONS = DEBUG;
				SWIFT_OPTIMIZATION_LEVEL = "-Onone";
			};
			name = Debug;
		};
		C7CD10FB2AB3C356000CEF84 /* Release */ = {
			isa = XCBuildConfiguration;
			buildSettings = {
				ALWAYS_SEARCH_USER_PATHS = NO;
				CLANG_ANALYZER_NONNULL = YES;
				CLANG_ANALYZER_NUMBER_OBJECT_CONVERSION = YES_AGGRESSIVE;
				CLANG_CXX_LANGUAGE_STANDARD = "gnu++20";
				CLANG_ENABLE_MODULES = YES;
				CLANG_ENABLE_OBJC_ARC = YES;
				CLANG_ENABLE_OBJC_WEAK = YES;
				CLANG_WARN_BLOCK_CAPTURE_AUTORELEASING = YES;
				CLANG_WARN_BOOL_CONVERSION = YES;
				CLANG_WARN_COMMA = YES;
				CLANG_WARN_CONSTANT_CONVERSION = YES;
				CLANG_WARN_DEPRECATED_OBJC_IMPLEMENTATIONS = YES;
				CLANG_WARN_DIRECT_OBJC_ISA_USAGE = YES_ERROR;
				CLANG_WARN_DOCUMENTATION_COMMENTS = YES;
				CLANG_WARN_EMPTY_BODY = YES;
				CLANG_WARN_ENUM_CONVERSION = YES;
				CLANG_WARN_INFINITE_RECURSION = YES;
				CLANG_WARN_INT_CONVERSION = YES;
				CLANG_WARN_NON_LITERAL_NULL_CONVERSION = YES;
				CLANG_WARN_OBJC_IMPLICIT_RETAIN_SELF = YES;
				CLANG_WARN_OBJC_LITERAL_CONVERSION = YES;
				CLANG_WARN_OBJC_ROOT_CLASS = YES_ERROR;
				CLANG_WARN_QUOTED_INCLUDE_IN_FRAMEWORK_HEADER = YES;
				CLANG_WARN_RANGE_LOOP_ANALYSIS = YES;
				CLANG_WARN_STRICT_PROTOTYPES = YES;
				CLANG_WARN_SUSPICIOUS_MOVE = YES;
				CLANG_WARN_UNGUARDED_AVAILABILITY = YES_AGGRESSIVE;
				CLANG_WARN_UNREACHABLE_CODE = YES;
				CLANG_WARN__DUPLICATE_METHOD_MATCH = YES;
				COPY_PHASE_STRIP = NO;
				DEBUG_INFORMATION_FORMAT = "dwarf-with-dsym";
				ENABLE_NS_ASSERTIONS = NO;
				ENABLE_STRICT_OBJC_MSGSEND = YES;
				GCC_C_LANGUAGE_STANDARD = gnu11;
				GCC_NO_COMMON_BLOCKS = YES;
				GCC_WARN_64_TO_32_BIT_CONVERSION = YES;
				GCC_WARN_ABOUT_RETURN_TYPE = YES_ERROR;
				GCC_WARN_UNDECLARED_SELECTOR = YES;
				GCC_WARN_UNINITIALIZED_AUTOS = YES_AGGRESSIVE;
				GCC_WARN_UNUSED_FUNCTION = YES;
				GCC_WARN_UNUSED_VARIABLE = YES;
				IPHONEOS_DEPLOYMENT_TARGET = 16.4;
				MTL_ENABLE_DEBUG_INFO = NO;
				MTL_FAST_MATH = YES;
				SDKROOT = iphoneos;
				SWIFT_COMPILATION_MODE = wholemodule;
				SWIFT_OPTIMIZATION_LEVEL = "-O";
				VALIDATE_PRODUCT = YES;
			};
			name = Release;
		};
		C7CD10FD2AB3C356000CEF84 /* Debug */ = {
			isa = XCBuildConfiguration;
			buildSettings = {
				ASSETCATALOG_COMPILER_APPICON_NAME = AppIcon;
				ASSETCATALOG_COMPILER_GLOBAL_ACCENT_COLOR_NAME = AccentColor;
				CODE_SIGN_STYLE = Automatic;
				CURRENT_PROJECT_VERSION = 1;
				DEVELOPMENT_TEAM = 2PJ482CC2G;
				GENERATE_INFOPLIST_FILE = YES;
				INFOPLIST_FILE = HackwichThree/Info.plist;
				INFOPLIST_KEY_UIApplicationSupportsIndirectInputEvents = YES;
				INFOPLIST_KEY_UILaunchStoryboardName = LaunchScreen;
				INFOPLIST_KEY_UIMainStoryboardFile = Main;
				INFOPLIST_KEY_UISupportedInterfaceOrientations_iPad = "UIInterfaceOrientationPortrait UIInterfaceOrientationPortraitUpsideDown UIInterfaceOrientationLandscapeLeft UIInterfaceOrientationLandscapeRight";
				INFOPLIST_KEY_UISupportedInterfaceOrientations_iPhone = "UIInterfaceOrientationPortrait UIInterfaceOrientationLandscapeLeft UIInterfaceOrientationLandscapeRight";
				LD_RUNPATH_SEARCH_PATHS = (
					"$(inherited)",
					"@executable_path/Frameworks",
				);
				MARKETING_VERSION = 1.0;
				PRODUCT_BUNDLE_IDENTIFIER = UHWO.HackwichThree;
				PRODUCT_NAME = "$(TARGET_NAME)";
				SWIFT_EMIT_LOC_STRINGS = YES;
				SWIFT_VERSION = 5.0;
				TARGETED_DEVICE_FAMILY = "1,2";
			};
			name = Debug;
		};
		C7CD10FE2AB3C356000CEF84 /* Release */ = {
			isa = XCBuildConfiguration;
			buildSettings = {
				ASSETCATALOG_COMPILER_APPICON_NAME = AppIcon;
				ASSETCATALOG_COMPILER_GLOBAL_ACCENT_COLOR_NAME = AccentColor;
				CODE_SIGN_STYLE = Automatic;
				CURRENT_PROJECT_VERSION = 1;
				DEVELOPMENT_TEAM = 2PJ482CC2G;
				GENERATE_INFOPLIST_FILE = YES;
				INFOPLIST_FILE = HackwichThree/Info.plist;
				INFOPLIST_KEY_UIApplicationSupportsIndirectInputEvents = YES;
				INFOPLIST_KEY_UILaunchStoryboardName = LaunchScreen;
				INFOPLIST_KEY_UIMainStoryboardFile = Main;
				INFOPLIST_KEY_UISupportedInterfaceOrientations_iPad = "UIInterfaceOrientationPortrait UIInterfaceOrientationPortraitUpsideDown UIInterfaceOrientationLandscapeLeft UIInterfaceOrientationLandscapeRight";
				INFOPLIST_KEY_UISupportedInterfaceOrientations_iPhone = "UIInterfaceOrientationPortrait UIInterfaceOrientationLandscapeLeft UIInterfaceOrientationLandscapeRight";
				LD_RUNPATH_SEARCH_PATHS = (
					"$(inherited)",
					"@executable_path/Frameworks",
				);
				MARKETING_VERSION = 1.0;
				PRODUCT_BUNDLE_IDENTIFIER = UHWO.HackwichThree;
				PRODUCT_NAME = "$(TARGET_NAME)";
				SWIFT_EMIT_LOC_STRINGS = YES;
				SWIFT_VERSION = 5.0;
				TARGETED_DEVICE_FAMILY = "1,2";
			};
			name = Release;
		};
		C7CD11002AB3C356000CEF84 /* Debug */ = {
			isa = XCBuildConfiguration;
			buildSettings = {
				ALWAYS_EMBED_SWIFT_STANDARD_LIBRARIES = YES;
				BUNDLE_LOADER = "$(TEST_HOST)";
				CODE_SIGN_STYLE = Automatic;
				CURRENT_PROJECT_VERSION = 1;
				DEVELOPMENT_TEAM = 2PJ482CC2G;
				GENERATE_INFOPLIST_FILE = YES;
				IPHONEOS_DEPLOYMENT_TARGET = 16.4;
				MARKETING_VERSION = 1.0;
				PRODUCT_BUNDLE_IDENTIFIER = UHWO.HackwichThreeTests;
				PRODUCT_NAME = "$(TARGET_NAME)";
				SWIFT_EMIT_LOC_STRINGS = NO;
				SWIFT_VERSION = 5.0;
				TARGETED_DEVICE_FAMILY = "1,2";
				TEST_HOST = "$(BUILT_PRODUCTS_DIR)/HackwichThree.app/$(BUNDLE_EXECUTABLE_FOLDER_PATH)/HackwichThree";
			};
			name = Debug;
		};
		C7CD11012AB3C356000CEF84 /* Release */ = {
			isa = XCBuildConfiguration;
			buildSettings = {
				ALWAYS_EMBED_SWIFT_STANDARD_LIBRARIES = YES;
				BUNDLE_LOADER = "$(TEST_HOST)";
				CODE_SIGN_STYLE = Automatic;
				CURRENT_PROJECT_VERSION = 1;
				DEVELOPMENT_TEAM = 2PJ482CC2G;
				GENERATE_INFOPLIST_FILE = YES;
				IPHONEOS_DEPLOYMENT_TARGET = 16.4;
				MARKETING_VERSION = 1.0;
				PRODUCT_BUNDLE_IDENTIFIER = UHWO.HackwichThreeTests;
				PRODUCT_NAME = "$(TARGET_NAME)";
				SWIFT_EMIT_LOC_STRINGS = NO;
				SWIFT_VERSION = 5.0;
				TARGETED_DEVICE_FAMILY = "1,2";
				TEST_HOST = "$(BUILT_PRODUCTS_DIR)/HackwichThree.app/$(BUNDLE_EXECUTABLE_FOLDER_PATH)/HackwichThree";
			};
			name = Release;
		};
		C7CD11032AB3C356000CEF84 /* Debug */ = {
			isa = XCBuildConfiguration;
			buildSettings = {
				ALWAYS_EMBED_SWIFT_STANDARD_LIBRARIES = YES;
				CODE_SIGN_STYLE = Automatic;
				CURRENT_PROJECT_VERSION = 1;
				DEVELOPMENT_TEAM = 2PJ482CC2G;
				GENERATE_INFOPLIST_FILE = YES;
				MARKETING_VERSION = 1.0;
				PRODUCT_BUNDLE_IDENTIFIER = UHWO.HackwichThreeUITests;
				PRODUCT_NAME = "$(TARGET_NAME)";
				SWIFT_EMIT_LOC_STRINGS = NO;
				SWIFT_VERSION = 5.0;
				TARGETED_DEVICE_FAMILY = "1,2";
				TEST_TARGET_NAME = HackwichThree;
			};
			name = Debug;
		};
		C7CD11042AB3C356000CEF84 /* Release */ = {
			isa = XCBuildConfiguration;
			buildSettings = {
				ALWAYS_EMBED_SWIFT_STANDARD_LIBRARIES = YES;
				CODE_SIGN_STYLE = Automatic;
				CURRENT_PROJECT_VERSION = 1;
				DEVELOPMENT_TEAM = 2PJ482CC2G;
				GENERATE_INFOPLIST_FILE = YES;
				MARKETING_VERSION = 1.0;
				PRODUCT_BUNDLE_IDENTIFIER = UHWO.HackwichThreeUITests;
				PRODUCT_NAME = "$(TARGET_NAME)";
				SWIFT_EMIT_LOC_STRINGS = NO;
				SWIFT_VERSION = 5.0;
				TARGETED_DEVICE_FAMILY = "1,2";
				TEST_TARGET_NAME = HackwichThree;
			};
			name = Release;
		};
/* End XCBuildConfiguration section */

/* Begin XCConfigurationList section */
		C7CD10CD2AB3C354000CEF84 /* Build configuration list for PBXProject "HackwichThree" */ = {
			isa = XCConfigurationList;
			buildConfigurations = (
				C7CD10FA2AB3C356000CEF84 /* Debug */,
				C7CD10FB2AB3C356000CEF84 /* Release */,
			);
			defaultConfigurationIsVisible = 0;
			defaultConfigurationName = Release;
		};
		C7CD10FC2AB3C356000CEF84 /* Build configuration list for PBXNativeTarget "HackwichThree" */ = {
			isa = XCConfigurationList;
			buildConfigurations = (
				C7CD10FD2AB3C356000CEF84 /* Debug */,
				C7CD10FE2AB3C356000CEF84 /* Release */,
			);
			defaultConfigurationIsVisible = 0;
			defaultConfigurationName = Release;
		};
		C7CD10FF2AB3C356000CEF84 /* Build configuration list for PBXNativeTarget "HackwichThreeTests" */ = {
			isa = XCConfigurationList;
			buildConfigurations = (
				C7CD11002AB3C356000CEF84 /* Debug */,
				C7CD11012AB3C356000CEF84 /* Release */,
			);
			defaultConfigurationIsVisible = 0;
			defaultConfigurationName = Release;
		};
		C7CD11022AB3C356000CEF84 /* Build configuration list for PBXNativeTarget "HackwichThreeUITests" */ = {
			isa = XCConfigurationList;
			buildConfigurations = (
				C7CD11032AB3C356000CEF84 /* Debug */,
				C7CD11042AB3C356000CEF84 /* Release */,
			);
			defaultConfigurationIsVisible = 0;
			defaultConfigurationName = Release;
		};
/* End XCConfigurationList section */
	};
	rootObject = C7CD10CA2AB3C354000CEF84 /* Project object */;
}
